
Microsoft Visual Studio Solution File, Format Version 12.00
# Visual Studio Version 17
VisualStudioVersion = 17.10.34928.147
MinimumVisualStudioVersion = 10.0.40219.1
Project("{9A19103F-16F7-4668-BE54-9A1E7A4F7556}") = "AuthorBook", "AuthorBook\AuthorBook.csproj", "{7500920D-0F3C-429A-81D3-49193A24D252}"
EndProject
Project("{FAE04EC0-301F-11D3-BF4B-00C04F79EFBC}") = "UnitTest", "UnitTest\UnitTest.csproj", "{DDE4A285-08B2-433D-8D1C-68263226A079}"
EndProject
Global
	GlobalSection(SolutionConfigurationPlatforms) = preSolution
		Debug|Any CPU = Debug|Any CPU
		Release|Any CPU = Release|Any CPU
	EndGlobalSection
	GlobalSection(ProjectConfigurationPlatforms) = postSolution
		{7500920D-0F3C-429A-81D3-49193A24D252}.Debug|Any CPU.ActiveCfg = Debug|Any CPU
		{7500920D-0F3C-429A-81D3-49193A24D252}.Debug|Any CPU.Build.0 = Debug|Any CPU
		{7500920D-0F3C-429A-81D3-49193A24D252}.Release|Any CPU.ActiveCfg = Release|Any CPU
		{7500920D-0F3C-429A-81D3-49193A24D252}.Release|Any CPU.Build.0 = Release|Any CPU
		{DDE4A285-08B2-433D-8D1C-68263226A079}.Debug|Any CPU.ActiveCfg = Debug|Any CPU
		{DDE4A285-08B2-433D-8D1C-68263226A079}.Debug|Any CPU.Build.0 = Debug|Any CPU
		{DDE4A285-08B2-433D-8D1C-68263226A079}.Release|Any CPU.ActiveCfg = Release|Any CPU
		{DDE4A285-08B2-433D-8D1C-68263226A079}.Release|Any CPU.Build.0 = Release|Any CPU
	EndGlobalSection
	GlobalSection(SolutionProperties) = preSolution
		HideSolutionNode = FALSE
	EndGlobalSection
	GlobalSection(ExtensibilityGlobals) = postSolution
		SolutionGuid = {5741E8A8-5833-46FF-B5A8-1C930BF7D60E}
	EndGlobalSection
EndGlobal
